
Microsoft Visual Studio Solution File, Format Version 10.00
# Visual Studio 2008
Project("{FAE04EC0-301F-11D3-BF4B-00C04F79EFBC}") = "FFMPEG.mono", "FFMPEG.mono\FFMPEG.mono.csproj", "{93F2BF01-5719-4BE8-B31E-F8C3FBC0342B}"
EndProject
Global
	GlobalSection(SolutionConfigurationPlatforms) = preSolution
		Debug|Any CPU = Debug|Any CPU
		Release|Any CPU = Release|Any CPU
	EndGlobalSection
	GlobalSection(ProjectConfigurationPlatforms) = postSolution
		{93F2BF01-5719-4BE8-B31E-F8C3FBC0342B}.Debug|Any CPU.ActiveCfg = Debug|Any CPU
		{93F2BF01-5719-4BE8-B31E-F8C3FBC0342B}.Debug|Any CPU.Build.0 = Debug|Any CPU
		{93F2BF01-5719-4BE8-B31E-F8C3FBC0342B}.Release|Any CPU.ActiveCfg = Release|Any CPU
		{93F2BF01-5719-4BE8-B31E-F8C3FBC0342B}.Release|Any CPU.Build.0 = Release|Any CPU
	EndGlobalSection
	GlobalSection(MonoDevelopProperties) = preSolution
		StartupItem = FFMPEG.mono\FFMPEG.mono.csproj
		Policies = $0
		$0.DotNetNamingPolicy = $1
		$1.DirectoryNamespaceAssociation = None
		$1.ResourceNamePolicy = FileFormatDefault
		$0.TextStylePolicy = $2
		$2.FileWidth = 120
		$2.inheritsSet = VisualStudio
		$2.inheritsScope = text/plain
		$2.scope = text/x-csharp
		$0.CSharpFormattingPolicy = $3
		$3.inheritsSet = Mono
		$3.inheritsScope = text/x-csharp
		$3.scope = text/x-csharp
		$0.TextStylePolicy = $4
		$4.FileWidth = 120
		$4.TabWidth = 4
		$4.inheritsSet = Mono
		$4.inheritsScope = text/plain
		$4.scope = text/plain
		$0.StandardHeader = $5
		$5.Text = 
		$5.IncludeInNewFiles = True
		$0.VersionControlPolicy = $6
		$6.inheritsSet = Mono
		$0.ChangeLogPolicy = $7
		$7.UpdateMode = None
		$7.MessageStyle = $8
		$8.LineAlign = 0
		$7.inheritsSet = Mono
	EndGlobalSection
EndGlobal
